
Microsoft Visual Studio Solution File, Format Version 12.00
# Visual Studio Version 17
VisualStudioVersion = 17.1.32414.318
MinimumVisualStudioVersion = 10.0.40219.1
Project("{9A19103F-16F7-4668-BE54-9A1E7A4F7556}") = "Dwarf", "Dwarf.csproj", "{8366AD02-1198-4D0C-8A88-ECE84FA297FF}"
EndProject
Project("{9A19103F-16F7-4668-BE54-9A1E7A4F7556}") = "DwarfDemo", "..\DwarfDemo\DwarfDemo.csproj", "{E6D1E7F0-28C4-43A3-852F-915CBB73A879}"
EndProject
Project("{9A19103F-16F7-4668-BE54-9A1E7A4F7556}") = "BulletSharp.DotNetCore", "..\BulletSharpPInvoke-master\BulletSharp\BulletSharp.DotNetCore.csproj", "{B4C5EA5D-BAC9-4C90-8F20-337E9B6F5DB4}"
EndProject
Global
	GlobalSection(SolutionConfigurationPlatforms) = preSolution
		Debug|Any CPU = Debug|Any CPU
		Release|Any CPU = Release|Any CPU
	EndGlobalSection
	GlobalSection(ProjectConfigurationPlatforms) = postSolution
		{8366AD02-1198-4D0C-8A88-ECE84FA297FF}.Debug|Any CPU.ActiveCfg = Debug|Any CPU
		{8366AD02-1198-4D0C-8A88-ECE84FA297FF}.Debug|Any CPU.Build.0 = Debug|Any CPU
		{8366AD02-1198-4D0C-8A88-ECE84FA297FF}.Release|Any CPU.ActiveCfg = Release|Any CPU
		{8366AD02-1198-4D0C-8A88-ECE84FA297FF}.Release|Any CPU.Build.0 = Release|Any CPU
		{E6D1E7F0-28C4-43A3-852F-915CBB73A879}.Debug|Any CPU.ActiveCfg = Debug|Any CPU
		{E6D1E7F0-28C4-43A3-852F-915CBB73A879}.Debug|Any CPU.Build.0 = Debug|Any CPU
		{E6D1E7F0-28C4-43A3-852F-915CBB73A879}.Release|Any CPU.ActiveCfg = Release|Any CPU
		{E6D1E7F0-28C4-43A3-852F-915CBB73A879}.Release|Any CPU.Build.0 = Release|Any CPU
		{B4C5EA5D-BAC9-4C90-8F20-337E9B6F5DB4}.Debug|Any CPU.ActiveCfg = Debug|Any CPU
		{B4C5EA5D-BAC9-4C90-8F20-337E9B6F5DB4}.Debug|Any CPU.Build.0 = Debug|Any CPU
		{B4C5EA5D-BAC9-4C90-8F20-337E9B6F5DB4}.Release|Any CPU.ActiveCfg = Release|Any CPU
		{B4C5EA5D-BAC9-4C90-8F20-337E9B6F5DB4}.Release|Any CPU.Build.0 = Release|Any CPU
	EndGlobalSection
	GlobalSection(SolutionProperties) = preSolution
		HideSolutionNode = FALSE
	EndGlobalSection
	GlobalSection(ExtensibilityGlobals) = postSolution
		SolutionGuid = {A2AC6E76-A288-493F-B3A6-08DEADD3E3F7}
	EndGlobalSection
EndGlobal
